
Microsoft Visual Studio Solution File, Format Version 12.00
# Visual Studio Version 17
VisualStudioVersion = 17.5.002.0
MinimumVisualStudioVersion = 10.0.40219.1
Project("{2150E333-8FDC-42A3-9474-1A3956D46DE8}") = "NextBack", "NextBack", "{A5D9E5D6-D4D2-4A7B-BC25-1EB11DEEBE34}"
EndProject
Project("{9A19103F-16F7-4668-BE54-9A1E7A4F7556}") = "Nextpods.Api", "NextBack\Nextpods.Api\Nextpods.Api.csproj", "{50526FA8-0609-4561-A7C9-D6AA7EE9469B}"
EndProject
Global
	GlobalSection(SolutionConfigurationPlatforms) = preSolution
		Debug|Any CPU = Debug|Any CPU
		Release|Any CPU = Release|Any CPU
	EndGlobalSection
	GlobalSection(ProjectConfigurationPlatforms) = postSolution
		{50526FA8-0609-4561-A7C9-D6AA7EE9469B}.Debug|Any CPU.ActiveCfg = Debug|Any CPU
		{50526FA8-0609-4561-A7C9-D6AA7EE9469B}.Debug|Any CPU.Build.0 = Debug|Any CPU
		{50526FA8-0609-4561-A7C9-D6AA7EE9469B}.Release|Any CPU.ActiveCfg = Release|Any CPU
		{50526FA8-0609-4561-A7C9-D6AA7EE9469B}.Release|Any CPU.Build.0 = Release|Any CPU
	EndGlobalSection
	GlobalSection(SolutionProperties) = preSolution
		HideSolutionNode = FALSE
	EndGlobalSection
	GlobalSection(NestedProjects) = preSolution
		{50526FA8-0609-4561-A7C9-D6AA7EE9469B} = {A5D9E5D6-D4D2-4A7B-BC25-1EB11DEEBE34}
	EndGlobalSection
	GlobalSection(ExtensibilityGlobals) = postSolution
		SolutionGuid = {CF15E2D2-DF97-4855-830C-3AE4856C6B03}
	EndGlobalSection
EndGlobal
